
Microsoft Visual Studio Solution File, Format Version 12.00
# Visual Studio Version 17
VisualStudioVersion = 17.3.32929.385
MinimumVisualStudioVersion = 10.0.40219.1
Project("{FAE04EC0-301F-11D3-BF4B-00C04F79EFBC}") = "JSonManager", "JSonManager\JSonManager.csproj", "{9494DAA2-7617-4A63-BAC1-37F860F23EBB}"
EndProject
Global
	GlobalSection(SolutionConfigurationPlatforms) = preSolution
		Debug|Any CPU = Debug|Any CPU
		Release|Any CPU = Release|Any CPU
	EndGlobalSection
	GlobalSection(ProjectConfigurationPlatforms) = postSolution
		{9494DAA2-7617-4A63-BAC1-37F860F23EBB}.Debug|Any CPU.ActiveCfg = Debug|Any CPU
		{9494DAA2-7617-4A63-BAC1-37F860F23EBB}.Debug|Any CPU.Build.0 = Debug|Any CPU
		{9494DAA2-7617-4A63-BAC1-37F860F23EBB}.Release|Any CPU.ActiveCfg = Release|Any CPU
		{9494DAA2-7617-4A63-BAC1-37F860F23EBB}.Release|Any CPU.Build.0 = Release|Any CPU
	EndGlobalSection
	GlobalSection(SolutionProperties) = preSolution
		HideSolutionNode = FALSE
	EndGlobalSection
	GlobalSection(ExtensibilityGlobals) = postSolution
		SolutionGuid = {75235BC8-BDFB-48CB-BD3D-A28692B8D4E1}
	EndGlobalSection
EndGlobal
